// !$*UTF8*$!
{
	archiveVersion = 1;
	classes = {
	};
	objectVersion = 56;
	objects = {

/* Begin PBXBuildFile section */
		EA1BC1BF2AE082D30078F701 /* AppDelegate.swift in Sources */ = {isa = PBXBuildFile; fileRef = EA1BC1BE2AE082D30078F701 /* AppDelegate.swift */; };
		EA1BC1C12AE082D30078F701 /* SceneDelegate.swift in Sources */ = {isa = PBXBuildFile; fileRef = EA1BC1C02AE082D30078F701 /* SceneDelegate.swift */; };
		EA1BC1C32AE082D30078F701 /* ViewController.swift in Sources */ = {isa = PBXBuildFile; fileRef = EA1BC1C22AE082D30078F701 /* ViewController.swift */; };
		EA1BC1C62AE082D30078F701 /* Main.storyboard in Resources */ = {isa = PBXBuildFile; fileRef = EA1BC1C42AE082D30078F701 /* Main.storyboard */; };
		EA1BC1C82AE082D40078F701 /* Assets.xcassets in Resources */ = {isa = PBXBuildFile; fileRef = EA1BC1C72AE082D40078F701 /* Assets.xcassets */; };
		EA1BC1CB2AE082D40078F701 /* LaunchScreen.storyboard in Resources */ = {isa = PBXBuildFile; fileRef = EA1BC1C92AE082D40078F701 /* LaunchScreen.storyboard */; };
		EA1BC1D62AE082D40078F701 /* HomeTask2Tests.swift in Sources */ = {isa = PBXBuildFile; fileRef = EA1BC1D52AE082D40078F701 /* HomeTask2Tests.swift */; };
		EA1BC1E02AE082D40078F701 /* HomeTask2UITests.swift in Sources */ = {isa = PBXBuildFile; fileRef = EA1BC1DF2AE082D40078F701 /* HomeTask2UITests.swift */; };
		EA1BC1E22AE082D40078F701 /* HomeTask2UITestsLaunchTests.swift in Sources */ = {isa = PBXBuildFile; fileRef = EA1BC1E12AE082D40078F701 /* HomeTask2UITestsLaunchTests.swift */; };
		EA1BC1F02AE088680078F701 /* CustomTableViewCell.swift in Sources */ = {isa = PBXBuildFile; fileRef = EA1BC1EE2AE088680078F701 /* CustomTableViewCell.swift */; };
		EA1BC1F12AE088680078F701 /* CustomTableViewCell.xib in Resources */ = {isa = PBXBuildFile; fileRef = EA1BC1EF2AE088680078F701 /* CustomTableViewCell.xib */; };
		EA1BC1F32AE08A620078F701 /* CarModel.swift in Sources */ = {isa = PBXBuildFile; fileRef = EA1BC1F22AE08A620078F701 /* CarModel.swift */; };
		EA1BC1F52AE08D7A0078F701 /* DetialViewController.swift in Sources */ = {isa = PBXBuildFile; fileRef = EA1BC1F42AE08D7A0078F701 /* DetialViewController.swift */; };
		EAC055892AE1FE8600A20753 /* DataManager.swift in Sources */ = {isa = PBXBuildFile; fileRef = EAC055882AE1FE8600A20753 /* DataManager.swift */; };
		EAF3249A2AE091C6002301EA /* CartViewController.swift in Sources */ = {isa = PBXBuildFile; fileRef = EAF324992AE091C6002301EA /* CartViewController.swift */; };
/* End PBXBuildFile section */

/* Begin PBXContainerItemProxy section */
		EA1BC1D22AE082D40078F701 /* PBXContainerItemProxy */ = {
			isa = PBXContainerItemProxy;
			containerPortal = EA1BC1B32AE082D30078F701 /* Project object */;
			proxyType = 1;
			remoteGlobalIDString = EA1BC1BA2AE082D30078F701;
			remoteInfo = HomeTask2;
		};
		EA1BC1DC2AE082D40078F701 /* PBXContainerItemProxy */ = {
			isa = PBXContainerItemProxy;
			containerPortal = EA1BC1B32AE082D30078F701 /* Project object */;
			proxyType = 1;
			remoteGlobalIDString = EA1BC1BA2AE082D30078F701;
			remoteInfo = HomeTask2;
		};
/* End PBXContainerItemProxy section */

/* Begin PBXFileReference section */
		EA1BC1BB2AE082D30078F701 /* HomeTask2.app */ = {isa = PBXFileReference; explicitFileType = wrapper.application; includeInIndex = 0; path = HomeTask2.app; sourceTree = BUILT_PRODUCTS_DIR; };
		EA1BC1BE2AE082D30078F701 /* AppDelegate.swift */ = {isa = PBXFileReference; lastKnownFileType = sourcecode.swift; path = AppDelegate.swift; sourceTree = "<group>"; };
		EA1BC1C02AE082D30078F701 /* SceneDelegate.swift */ = {isa = PBXFileReference; lastKnownFileType = sourcecode.swift; path = SceneDelegate.swift; sourceTree = "<group>"; };
		EA1BC1C22AE082D30078F701 /* ViewController.swift */ = {isa = PBXFileReference; lastKnownFileType = sourcecode.swift; path = ViewController.swift; sourceTree = "<group>"; };
		EA1BC1C52AE082D30078F701 /* Base */ = {isa = PBXFileReference; lastKnownFileType = file.storyboard; name = Base; path = Base.lproj/Main.storyboard; sourceTree = "<group>"; };
		EA1BC1C72AE082D40078F701 /* Assets.xcassets */ = {isa = PBXFileReference; lastKnownFileType = folder.assetcatalog; path = Assets.xcassets; sourceTree = "<group>"; };
		EA1BC1CA2AE082D40078F701 /* Base */ = {isa = PBXFileReference; lastKnownFileType = file.storyboard; name = Base; path = Base.lproj/LaunchScreen.storyboard; sourceTree = "<group>"; };
		EA1BC1CC2AE082D40078F701 /* Info.plist */ = {isa = PBXFileReference; lastKnownFileType = text.plist.xml; path = Info.plist; sourceTree = "<group>"; };
		EA1BC1D12AE082D40078F701 /* HomeTask2Tests.xctest */ = {isa = PBXFileReference; explicitFileType = wrapper.cfbundle; includeInIndex = 0; path = HomeTask2Tests.xctest; sourceTree = BUILT_PRODUCTS_DIR; };
		EA1BC1D52AE082D40078F701 /* HomeTask2Tests.swift */ = {isa = PBXFileReference; lastKnownFileType = sourcecode.swift; path = HomeTask2Tests.swift; sourceTree = "<group>"; };
		EA1BC1DB2AE082D40078F701 /* HomeTask2UITests.xctest */ = {isa = PBXFileReference; explicitFileType = wrapper.cfbundle; includeInIndex = 0; path = HomeTask2UITests.xctest; sourceTree = BUILT_PRODUCTS_DIR; };
		EA1BC1DF2AE082D40078F701 /* HomeTask2UITests.swift */ = {isa = PBXFileReference; lastKnownFileType = sourcecode.swift; path = HomeTask2UITests.swift; sourceTree = "<group>"; };
		EA1BC1E12AE082D40078F701 /* HomeTask2UITestsLaunchTests.swift */ = {isa = PBXFileReference; lastKnownFileType = sourcecode.swift; path = HomeTask2UITestsLaunchTests.swift; sourceTree = "<group>"; };
		EA1BC1EE2AE088680078F701 /* CustomTableViewCell.swift */ = {isa = PBXFileReference; lastKnownFileType = sourcecode.swift; path = CustomTableViewCell.swift; sourceTree = "<group>"; };
		EA1BC1EF2AE088680078F701 /* CustomTableViewCell.xib */ = {isa = PBXFileReference; lastKnownFileType = file.xib; path = CustomTableViewCell.xib; sourceTree = "<group>"; };
		EA1BC1F22AE08A620078F701 /* CarModel.swift */ = {isa = PBXFileReference; lastKnownFileType = sourcecode.swift; path = CarModel.swift; sourceTree = "<group>"; };
		EA1BC1F42AE08D7A0078F701 /* DetialViewController.swift */ = {isa = PBXFileReference; lastKnownFileType = sourcecode.swift; path = DetialViewController.swift; sourceTree = "<group>"; };
		EAC055882AE1FE8600A20753 /* DataManager.swift */ = {isa = PBXFileReference; lastKnownFileType = sourcecode.swift; path = DataManager.swift; sourceTree = "<group>"; };
		EAF324992AE091C6002301EA /* CartViewController.swift */ = {isa = PBXFileReference; lastKnownFileType = sourcecode.swift; path = CartViewController.swift; sourceTree = "<group>"; };
/* End PBXFileReference section */

/* Begin PBXFrameworksBuildPhase section */
		EA1BC1B82AE082D30078F701 /* Frameworks */ = {
			isa = PBXFrameworksBuildPhase;
			buildActionMask = 2147483647;
			files = (
			);
			runOnlyForDeploymentPostprocessing = 0;
		};
		EA1BC1CE2AE082D40078F701 /* Frameworks */ = {
			isa = PBXFrameworksBuildPhase;
			buildActionMask = 2147483647;
			files = (
			);
			runOnlyForDeploymentPostprocessing = 0;
		};
		EA1BC1D82AE082D40078F701 /* Frameworks */ = {
			isa = PBXFrameworksBuildPhase;
			buildActionMask = 2147483647;
			files = (
			);
			runOnlyForDeploymentPostprocessing = 0;
		};
/* End PBXFrameworksBuildPhase section */

/* Begin PBXGroup section */
		EA1BC1B22AE082D30078F701 = {
			isa = PBXGroup;
			children = (
				EA1BC1BD2AE082D30078F701 /* HomeTask2 */,
				EA1BC1D42AE082D40078F701 /* HomeTask2Tests */,
				EA1BC1DE2AE082D40078F701 /* HomeTask2UITests */,
				EA1BC1BC2AE082D30078F701 /* Products */,
			);
			sourceTree = "<group>";
		};
		EA1BC1BC2AE082D30078F701 /* Products */ = {
			isa = PBXGroup;
			children = (
				EA1BC1BB2AE082D30078F701 /* HomeTask2.app */,
				EA1BC1D12AE082D40078F701 /* HomeTask2Tests.xctest */,
				EA1BC1DB2AE082D40078F701 /* HomeTask2UITests.xctest */,
			);
			name = Products;
			sourceTree = "<group>";
		};
		EA1BC1BD2AE082D30078F701 /* HomeTask2 */ = {
			isa = PBXGroup;
			children = (
				EA1BC1BE2AE082D30078F701 /* AppDelegate.swift */,
				EA1BC1C02AE082D30078F701 /* SceneDelegate.swift */,
				EA1BC1F62AE08DD60078F701 /* Controllers */,
				EAC055852AE1FD6200A20753 /* View */,
				EAC055872AE1FD9000A20753 /* Model */,
				EA1BC1C72AE082D40078F701 /* Assets.xcassets */,
				EA1BC1C92AE082D40078F701 /* LaunchScreen.storyboard */,
				EA1BC1CC2AE082D40078F701 /* Info.plist */,
			);
			path = HomeTask2;
			sourceTree = "<group>";
		};
		EA1BC1D42AE082D40078F701 /* HomeTask2Tests */ = {
			isa = PBXGroup;
			children = (
				EA1BC1D52AE082D40078F701 /* HomeTask2Tests.swift */,
			);
			path = HomeTask2Tests;
			sourceTree = "<group>";
		};
		EA1BC1DE2AE082D40078F701 /* HomeTask2UITests */ = {
			isa = PBXGroup;
			children = (
				EA1BC1DF2AE082D40078F701 /* HomeTask2UITests.swift */,
				EA1BC1E12AE082D40078F701 /* HomeTask2UITestsLaunchTests.swift */,
			);
			path = HomeTask2UITests;
			sourceTree = "<group>";
		};
		EA1BC1F62AE08DD60078F701 /* Controllers */ = {
			isa = PBXGroup;
			children = (
				EAF324992AE091C6002301EA /* CartViewController.swift */,
				EA1BC1C22AE082D30078F701 /* ViewController.swift */,
				EA1BC1F42AE08D7A0078F701 /* DetialViewController.swift */,
			);
			path = Controllers;
			sourceTree = "<group>";
		};
		EAC055852AE1FD6200A20753 /* View */ = {
			isa = PBXGroup;
			children = (
				EA1BC1C42AE082D30078F701 /* Main.storyboard */,
				EAC055862AE1FD7D00A20753 /* CustomCell */,
			);
			path = View;
			sourceTree = "<group>";
		};
		EAC055862AE1FD7D00A20753 /* CustomCell */ = {
			isa = PBXGroup;
			children = (
				EA1BC1EE2AE088680078F701 /* CustomTableViewCell.swift */,
				EA1BC1EF2AE088680078F701 /* CustomTableViewCell.xib */,
			);
			path = CustomCell;
			sourceTree = "<group>";
		};
		EAC055872AE1FD9000A20753 /* Model */ = {
			isa = PBXGroup;
			children = (
				EA1BC1F22AE08A620078F701 /* CarModel.swift */,
				EAC055882AE1FE8600A20753 /* DataManager.swift */,
			);
			path = Model;
			sourceTree = "<group>";
		};
/* End PBXGroup section */

/* Begin PBXNativeTarget section */
		EA1BC1BA2AE082D30078F701 /* HomeTask2 */ = {
			isa = PBXNativeTarget;
			buildConfigurationList = EA1BC1E52AE082D40078F701 /* Build configuration list for PBXNativeTarget "HomeTask2" */;
			buildPhases = (
				EA1BC1B72AE082D30078F701 /* Sources */,
				EA1BC1B82AE082D30078F701 /* Frameworks */,
				EA1BC1B92AE082D30078F701 /* Resources */,
			);
			buildRules = (
			);
			dependencies = (
			);
			name = HomeTask2;
			productName = HomeTask2;
			productReference = EA1BC1BB2AE082D30078F701 /* HomeTask2.app */;
			productType = "com.apple.product-type.application";
		};
		EA1BC1D02AE082D40078F701 /* HomeTask2Tests */ = {
			isa = PBXNativeTarget;
			buildConfigurationList = EA1BC1E82AE082D40078F701 /* Build configuration list for PBXNativeTarget "HomeTask2Tests" */;
			buildPhases = (
				EA1BC1CD2AE082D40078F701 /* Sources */,
				EA1BC1CE2AE082D40078F701 /* Frameworks */,
				EA1BC1CF2AE082D40078F701 /* Resources */,
			);
			buildRules = (
			);
			dependencies = (
				EA1BC1D32AE082D40078F701 /* PBXTargetDependency */,
			);
			name = HomeTask2Tests;
			productName = HomeTask2Tests;
			productReference = EA1BC1D12AE082D40078F701 /* HomeTask2Tests.xctest */;
			productType = "com.apple.product-type.bundle.unit-test";
		};
		EA1BC1DA2AE082D40078F701 /* HomeTask2UITests */ = {
			isa = PBXNativeTarget;
			buildConfigurationList = EA1BC1EB2AE082D40078F701 /* Build configuration list for PBXNativeTarget "HomeTask2UITests" */;
			buildPhases = (
				EA1BC1D72AE082D40078F701 /* Sources */,
				EA1BC1D82AE082D40078F701 /* Frameworks */,
				EA1BC1D92AE082D40078F701 /* Resources */,
			);
			buildRules = (
			);
			dependencies = (
				EA1BC1DD2AE082D40078F701 /* PBXTargetDependency */,
			);
			name = HomeTask2UITests;
			productName = HomeTask2UITests;
			productReference = EA1BC1DB2AE082D40078F701 /* HomeTask2UITests.xctest */;
			productType = "com.apple.product-type.bundle.ui-testing";
		};
/* End PBXNativeTarget section */

/* Begin PBXProject section */
		EA1BC1B32AE082D30078F701 /* Project object */ = {
			isa = PBXProject;
			attributes = {
				BuildIndependentTargetsInParallel = 1;
				LastSwiftUpdateCheck = 1500;
				LastUpgradeCheck = 1500;
				TargetAttributes = {
					EA1BC1BA2AE082D30078F701 = {
						CreatedOnToolsVersion = 15.0;
					};
					EA1BC1D02AE082D40078F701 = {
						CreatedOnToolsVersion = 15.0;
						TestTargetID = EA1BC1BA2AE082D30078F701;
					};
					EA1BC1DA2AE082D40078F701 = {
						CreatedOnToolsVersion = 15.0;
						TestTargetID = EA1BC1BA2AE082D30078F701;
					};
				};
			};
			buildConfigurationList = EA1BC1B62AE082D30078F701 /* Build configuration list for PBXProject "HomeTask2" */;
			compatibilityVersion = "Xcode 14.0";
			developmentRegion = en;
			hasScannedForEncodings = 0;
			knownRegions = (
				en,
				Base,
			);
			mainGroup = EA1BC1B22AE082D30078F701;
			productRefGroup = EA1BC1BC2AE082D30078F701 /* Products */;
			projectDirPath = "";
			projectRoot = "";
			targets = (
				EA1BC1BA2AE082D30078F701 /* HomeTask2 */,
				EA1BC1D02AE082D40078F701 /* HomeTask2Tests */,
				EA1BC1DA2AE082D40078F701 /* HomeTask2UITests */,
			);
		};
/* End PBXProject section */

/* Begin PBXResourcesBuildPhase section */
		EA1BC1B92AE082D30078F701 /* Resources */ = {
			isa = PBXResourcesBuildPhase;
			buildActionMask = 2147483647;
			files = (
				EA1BC1CB2AE082D40078F701 /* LaunchScreen.storyboard in Resources */,
				EA1BC1C82AE082D40078F701 /* Assets.xcassets in Resources */,
				EA1BC1F12AE088680078F701 /* CustomTableViewCell.xib in Resources */,
				EA1BC1C62AE082D30078F701 /* Main.storyboard in Resources */,
			);
			runOnlyForDeploymentPostprocessing = 0;
		};
		EA1BC1CF2AE082D40078F701 /* Resources */ = {
			isa = PBXResourcesBuildPhase;
			buildActionMask = 2147483647;
			files = (
			);
			runOnlyForDeploymentPostprocessing = 0;
		};
		EA1BC1D92AE082D40078F701 /* Resources */ = {
			isa = PBXResourcesBuildPhase;
			buildActionMask = 2147483647;
			files = (
			);
			runOnlyForDeploymentPostprocessing = 0;
		};
/* End PBXResourcesBuildPhase section */

/* Begin PBXSourcesBuildPhase section */
		EA1BC1B72AE082D30078F701 /* Sources */ = {
			isa = PBXSourcesBuildPhase;
			buildActionMask = 2147483647;
			files = (
				EA1BC1C32AE082D30078F701 /* ViewController.swift in Sources */,
				EAC055892AE1FE8600A20753 /* DataManager.swift in Sources */,
				EA1BC1F52AE08D7A0078F701 /* DetialViewController.swift in Sources */,
				EAF3249A2AE091C6002301EA /* CartViewController.swift in Sources */,
				EA1BC1F32AE08A620078F701 /* CarModel.swift in Sources */,
				EA1BC1BF2AE082D30078F701 /* AppDelegate.swift in Sources */,
				EA1BC1F02AE088680078F701 /* CustomTableViewCell.swift in Sources */,
				EA1BC1C12AE082D30078F701 /* SceneDelegate.swift in Sources */,
			);
			runOnlyForDeploymentPostprocessing = 0;
		};
		EA1BC1CD2AE082D40078F701 /* Sources */ = {
			isa = PBXSourcesBuildPhase;
			buildActionMask = 2147483647;
			files = (
				EA1BC1D62AE082D40078F701 /* HomeTask2Tests.swift in Sources */,
			);
			runOnlyForDeploymentPostprocessing = 0;
		};
		EA1BC1D72AE082D40078F701 /* Sources */ = {
			isa = PBXSourcesBuildPhase;
			buildActionMask = 2147483647;
			files = (
				EA1BC1E02AE082D40078F701 /* HomeTask2UITests.swift in Sources */,
				EA1BC1E22AE082D40078F701 /* HomeTask2UITestsLaunchTests.swift in Sources */,
			);
			runOnlyForDeploymentPostprocessing = 0;
		};
/* End PBXSourcesBuildPhase section */

/* Begin PBXTargetDependency section */
		EA1BC1D32AE082D40078F701 /* PBXTargetDependency */ = {
			isa = PBXTargetDependency;
			target = EA1BC1BA2AE082D30078F701 /* HomeTask2 */;
			targetProxy = EA1BC1D22AE082D40078F701 /* PBXContainerItemProxy */;
		};
		EA1BC1DD2AE082D40078F701 /* PBXTargetDependency */ = {
			isa = PBXTargetDependency;
			target = EA1BC1BA2AE082D30078F701 /* HomeTask2 */;
			targetProxy = EA1BC1DC2AE082D40078F701 /* PBXContainerItemProxy */;
		};
/* End PBXTargetDependency section */

/* Begin PBXVariantGroup section */
		EA1BC1C42AE082D30078F701 /* Main.storyboard */ = {
			isa = PBXVariantGroup;
			children = (
				EA1BC1C52AE082D30078F701 /* Base */,
			);
			name = Main.storyboard;
			sourceTree = "<group>";
		};
		EA1BC1C92AE082D40078F701 /* LaunchScreen.storyboard */ = {
			isa = PBXVariantGroup;
			children = (
				EA1BC1CA2AE082D40078F701 /* Base */,
			);
			name = LaunchScreen.storyboard;
			sourceTree = "<group>";
		};
/* End PBXVariantGroup section */

/* Begin XCBuildConfiguration section */
		EA1BC1E32AE082D40078F701 /* Debug */ = {
			isa = XCBuildConfiguration;
			buildSettings = {
				ALWAYS_SEARCH_USER_PATHS = NO;
				ASSETCATALOG_COMPILER_GENERATE_SWIFT_ASSET_SYMBOL_EXTENSIONS = YES;
				CLANG_ANALYZER_NONNULL = YES;
				CLANG_ANALYZER_NUMBER_OBJECT_CONVERSION = YES_AGGRESSIVE;
				CLANG_CXX_LANGUAGE_STANDARD = "gnu++20";
				CLANG_ENABLE_MODULES = YES;
				CLANG_ENABLE_OBJC_ARC = YES;
				CLANG_ENABLE_OBJC_WEAK = YES;
				CLANG_WARN_BLOCK_CAPTURE_AUTORELEASING = YES;
				CLANG_WARN_BOOL_CONVERSION = YES;
				CLANG_WARN_COMMA = YES;
				CLANG_WARN_CONSTANT_CONVERSION = YES;
				CLANG_WARN_DEPRECATED_OBJC_IMPLEMENTATIONS = YES;
				CLANG_WARN_DIRECT_OBJC_ISA_USAGE = YES_ERROR;
				CLANG_WARN_DOCUMENTATION_COMMENTS = YES;
				CLANG_WARN_EMPTY_BODY = YES;
				CLANG_WARN_ENUM_CONVERSION = YES;
				CLANG_WARN_INFINITE_RECURSION = YES;
				CLANG_WARN_INT_CONVERSION = YES;
				CLANG_WARN_NON_LITERAL_NULL_CONVERSION = YES;
				CLANG_WARN_OBJC_IMPLICIT_RETAIN_SELF = YES;
				CLANG_WARN_OBJC_LITERAL_CONVERSION = YES;
				CLANG_WARN_OBJC_ROOT_CLASS = YES_ERROR;
				CLANG_WARN_QUOTED_INCLUDE_IN_FRAMEWORK_HEADER = YES;
				CLANG_WARN_RANGE_LOOP_ANALYSIS = YES;
				CLANG_WARN_STRICT_PROTOTYPES = YES;
				CLANG_WARN_SUSPICIOUS_MOVE = YES;
				CLANG_WARN_UNGUARDED_AVAILABILITY = YES_AGGRESSIVE;
				CLANG_WARN_UNREACHABLE_CODE = YES;
				CLANG_WARN__DUPLICATE_METHOD_MATCH = YES;
				COPY_PHASE_STRIP = NO;
				DEBUG_INFORMATION_FORMAT = dwarf;
				ENABLE_STRICT_OBJC_MSGSEND = YES;
				ENABLE_TESTABILITY = YES;
				ENABLE_USER_SCRIPT_SANDBOXING = YES;
				GCC_C_LANGUAGE_STANDARD = gnu17;
				GCC_DYNAMIC_NO_PIC = NO;
				GCC_NO_COMMON_BLOCKS = YES;
				GCC_OPTIMIZATION_LEVEL = 0;
				GCC_PREPROCESSOR_DEFINITIONS = (
					"DEBUG=1",
					"$(inherited)",
				);
				GCC_WARN_64_TO_32_BIT_CONVERSION = YES;
				GCC_WARN_ABOUT_RETURN_TYPE = YES_ERROR;
				GCC_WARN_UNDECLARED_SELECTOR = YES;
				GCC_WARN_UNINITIALIZED_AUTOS = YES_AGGRESSIVE;
				GCC_WARN_UNUSED_FUNCTION = YES;
				GCC_WARN_UNUSED_VARIABLE = YES;
				IPHONEOS_DEPLOYMENT_TARGET = 17.0;
				LOCALIZATION_PREFERS_STRING_CATALOGS = YES;
				MTL_ENABLE_DEBUG_INFO = INCLUDE_SOURCE;
				MTL_FAST_MATH = YES;
				ONLY_ACTIVE_ARCH = YES;
				SDKROOT = iphoneos;
				SWIFT_ACTIVE_COMPILATION_CONDITIONS = "DEBUG $(inherited)";
				SWIFT_OPTIMIZATION_LEVEL = "-Onone";
			};
			name = Debug;
		};
		EA1BC1E42AE082D40078F701 /* Release */ = {
			isa = XCBuildConfiguration;
			buildSettings = {
				ALWAYS_SEARCH_USER_PATHS = NO;
				ASSETCATALOG_COMPILER_GENERATE_SWIFT_ASSET_SYMBOL_EXTENSIONS = YES;
				CLANG_ANALYZER_NONNULL = YES;
				CLANG_ANALYZER_NUMBER_OBJECT_CONVERSION = YES_AGGRESSIVE;
				CLANG_CXX_LANGUAGE_STANDARD = "gnu++20";
				CLANG_ENABLE_MODULES = YES;
				CLANG_ENABLE_OBJC_ARC = YES;
				CLANG_ENABLE_OBJC_WEAK = YES;
				CLANG_WARN_BLOCK_CAPTURE_AUTORELEASING = YES;
				CLANG_WARN_BOOL_CONVERSION = YES;
				CLANG_WARN_COMMA = YES;
				CLANG_WARN_CONSTANT_CONVERSION = YES;
				CLANG_WARN_DEPRECATED_OBJC_IMPLEMENTATIONS = YES;
				CLANG_WARN_DIRECT_OBJC_ISA_USAGE = YES_ERROR;
				CLANG_WARN_DOCUMENTATION_COMMENTS = YES;
				CLANG_WARN_EMPTY_BODY = YES;
				CLANG_WARN_ENUM_CONVERSION = YES;
				CLANG_WARN_INFINITE_RECURSION = YES;
				CLANG_WARN_INT_CONVERSION = YES;
				CLANG_WARN_NON_LITERAL_NULL_CONVERSION = YES;
				CLANG_WARN_OBJC_IMPLICIT_RETAIN_SELF = YES;
				CLANG_WARN_OBJC_LITERAL_CONVERSION = YES;
				CLANG_WARN_OBJC_ROOT_CLASS = YES_ERROR;
				CLANG_WARN_QUOTED_INCLUDE_IN_FRAMEWORK_HEADER = YES;
				CLANG_WARN_RANGE_LOOP_ANALYSIS = YES;
				CLANG_WARN_STRICT_PROTOTYPES = YES;
				CLANG_WARN_SUSPICIOUS_MOVE = YES;
				CLANG_WARN_UNGUARDED_AVAILABILITY = YES_AGGRESSIVE;
				CLANG_WARN_UNREACHABLE_CODE = YES;
				CLANG_WARN__DUPLICATE_METHOD_MATCH = YES;
				COPY_PHASE_STRIP = NO;
				DEBUG_INFORMATION_FORMAT = "dwarf-with-dsym";
				ENABLE_NS_ASSERTIONS = NO;
				ENABLE_STRICT_OBJC_MSGSEND = YES;
				ENABLE_USER_SCRIPT_SANDBOXING = YES;
				GCC_C_LANGUAGE_STANDARD = gnu17;
				GCC_NO_COMMON_BLOCKS = YES;
				GCC_WARN_64_TO_32_BIT_CONVERSION = YES;
				GCC_WARN_ABOUT_RETURN_TYPE = YES_ERROR;
				GCC_WARN_UNDECLARED_SELECTOR = YES;
				GCC_WARN_UNINITIALIZED_AUTOS = YES_AGGRESSIVE;
				GCC_WARN_UNUSED_FUNCTION = YES;
				GCC_WARN_UNUSED_VARIABLE = YES;
				IPHONEOS_DEPLOYMENT_TARGET = 17.0;
				LOCALIZATION_PREFERS_STRING_CATALOGS = YES;
				MTL_ENABLE_DEBUG_INFO = NO;
				MTL_FAST_MATH = YES;
				SDKROOT = iphoneos;
				SWIFT_COMPILATION_MODE = wholemodule;
				VALIDATE_PRODUCT = YES;
			};
			name = Release;
		};
		EA1BC1E62AE082D40078F701 /* Debug */ = {
			isa = XCBuildConfiguration;
			buildSettings = {
				ASSETCATALOG_COMPILER_APPICON_NAME = AppIcon;
				ASSETCATALOG_COMPILER_GLOBAL_ACCENT_COLOR_NAME = AccentColor;
				CODE_SIGN_STYLE = Automatic;
				CURRENT_PROJECT_VERSION = 1;
				DEVELOPMENT_TEAM = ZT74UNCYRH;
				GENERATE_INFOPLIST_FILE = YES;
				INFOPLIST_FILE = HomeTask2/Info.plist;
				INFOPLIST_KEY_UIApplicationSupportsIndirectInputEvents = YES;
				INFOPLIST_KEY_UILaunchStoryboardName = LaunchScreen;
				INFOPLIST_KEY_UIMainStoryboardFile = Main;
				INFOPLIST_KEY_UISupportedInterfaceOrientations_iPad = "UIInterfaceOrientationPortrait UIInterfaceOrientationPortraitUpsideDown UIInterfaceOrientationLandscapeLeft UIInterfaceOrientationLandscapeRight";
				INFOPLIST_KEY_UISupportedInterfaceOrientations_iPhone = "UIInterfaceOrientationPortrait UIInterfaceOrientationLandscapeLeft UIInterfaceOrientationLandscapeRight";
				LD_RUNPATH_SEARCH_PATHS = (
					"$(inherited)",
					"@executable_path/Frameworks",
				);
				MARKETING_VERSION = 1.0;
				PRODUCT_BUNDLE_IDENTIFIER = vibelab.com.HomeTask2;
				PRODUCT_NAME = "$(TARGET_NAME)";
				SWIFT_EMIT_LOC_STRINGS = YES;
				SWIFT_VERSION = 5.0;
				TARGETED_DEVICE_FAMILY = "1,2";
			};
			name = Debug;
		};
		EA1BC1E72AE082D40078F701 /* Release */ = {
			isa = XCBuildConfiguration;
			buildSettings = {
				ASSETCATALOG_COMPILER_APPICON_NAME = AppIcon;
				ASSETCATALOG_COMPILER_GLOBAL_ACCENT_COLOR_NAME = AccentColor;
				CODE_SIGN_STYLE = Automatic;
				CURRENT_PROJECT_VERSION = 1;
				DEVELOPMENT_TEAM = ZT74UNCYRH;
				GENERATE_INFOPLIST_FILE = YES;
				INFOPLIST_FILE = HomeTask2/Info.plist;
				INFOPLIST_KEY_UIApplicationSupportsIndirectInputEvents = YES;
				INFOPLIST_KEY_UILaunchStoryboardName = LaunchScreen;
				INFOPLIST_KEY_UIMainStoryboardFile = Main;
				INFOPLIST_KEY_UISupportedInterfaceOrientations_iPad = "UIInterfaceOrientationPortrait UIInterfaceOrientationPortraitUpsideDown UIInterfaceOrientationLandscapeLeft UIInterfaceOrientationLandscapeRight";
				INFOPLIST_KEY_UISupportedInterfaceOrientations_iPhone = "UIInterfaceOrientationPortrait UIInterfaceOrientationLandscapeLeft UIInterfaceOrientationLandscapeRight";
				LD_RUNPATH_SEARCH_PATHS = (
					"$(inherited)",
					"@executable_path/Frameworks",
				);
				MARKETING_VERSION = 1.0;
				PRODUCT_BUNDLE_IDENTIFIER = vibelab.com.HomeTask2;
				PRODUCT_NAME = "$(TARGET_NAME)";
				SWIFT_EMIT_LOC_STRINGS = YES;
				SWIFT_VERSION = 5.0;
				TARGETED_DEVICE_FAMILY = "1,2";
			};
			name = Release;
		};
		EA1BC1E92AE082D40078F701 /* Debug */ = {
			isa = XCBuildConfiguration;
			buildSettings = {
				ALWAYS_EMBED_SWIFT_STANDARD_LIBRARIES = YES;
				BUNDLE_LOADER = "$(TEST_HOST)";
				CODE_SIGN_STYLE = Automatic;
				CURRENT_PROJECT_VERSION = 1;
				DEVELOPMENT_TEAM = ZT74UNCYRH;
				GENERATE_INFOPLIST_FILE = YES;
				IPHONEOS_DEPLOYMENT_TARGET = 17.0;
				MARKETING_VERSION = 1.0;
				PRODUCT_BUNDLE_IDENTIFIER = vibelab.com.HomeTask2Tests;
				PRODUCT_NAME = "$(TARGET_NAME)";
				SWIFT_EMIT_LOC_STRINGS = NO;
				SWIFT_VERSION = 5.0;
				TARGETED_DEVICE_FAMILY = "1,2";
				TEST_HOST = "$(BUILT_PRODUCTS_DIR)/HomeTask2.app/$(BUNDLE_EXECUTABLE_FOLDER_PATH)/HomeTask2";
			};
			name = Debug;
		};
		EA1BC1EA2AE082D40078F701 /* Release */ = {
			isa = XCBuildConfiguration;
			buildSettings = {
				ALWAYS_EMBED_SWIFT_STANDARD_LIBRARIES = YES;
				BUNDLE_LOADER = "$(TEST_HOST)";
				CODE_SIGN_STYLE = Automatic;
				CURRENT_PROJECT_VERSION = 1;
				DEVELOPMENT_TEAM = ZT74UNCYRH;
				GENERATE_INFOPLIST_FILE = YES;
				IPHONEOS_DEPLOYMENT_TARGET = 17.0;
				MARKETING_VERSION = 1.0;
				PRODUCT_BUNDLE_IDENTIFIER = vibelab.com.HomeTask2Tests;
				PRODUCT_NAME = "$(TARGET_NAME)";
				SWIFT_EMIT_LOC_STRINGS = NO;
				SWIFT_VERSION = 5.0;
				TARGETED_DEVICE_FAMILY = "1,2";
				TEST_HOST = "$(BUILT_PRODUCTS_DIR)/HomeTask2.app/$(BUNDLE_EXECUTABLE_FOLDER_PATH)/HomeTask2";
			};
			name = Release;
		};
		EA1BC1EC2AE082D40078F701 /* Debug */ = {
			isa = XCBuildConfiguration;
			buildSettings = {
				ALWAYS_EMBED_SWIFT_STANDARD_LIBRARIES = YES;
				CODE_SIGN_STYLE = Automatic;
				CURRENT_PROJECT_VERSION = 1;
				DEVELOPMENT_TEAM = ZT74UNCYRH;
				GENERATE_INFOPLIST_FILE = YES;
				MARKETING_VERSION = 1.0;
				PRODUCT_BUNDLE_IDENTIFIER = vibelab.com.HomeTask2UITests;
				PRODUCT_NAME = "$(TARGET_NAME)";
				SWIFT_EMIT_LOC_STRINGS = NO;
				SWIFT_VERSION = 5.0;
				TARGETED_DEVICE_FAMILY = "1,2";
				TEST_TARGET_NAME = HomeTask2;
			};
			name = Debug;
		};
		EA1BC1ED2AE082D40078F701 /* Release */ = {
			isa = XCBuildConfiguration;
			buildSettings = {
				ALWAYS_EMBED_SWIFT_STANDARD_LIBRARIES = YES;
				CODE_SIGN_STYLE = Automatic;
				CURRENT_PROJECT_VERSION = 1;
				DEVELOPMENT_TEAM = ZT74UNCYRH;
				GENERATE_INFOPLIST_FILE = YES;
				MARKETING_VERSION = 1.0;
				PRODUCT_BUNDLE_IDENTIFIER = vibelab.com.HomeTask2UITests;
				PRODUCT_NAME = "$(TARGET_NAME)";
				SWIFT_EMIT_LOC_STRINGS = NO;
				SWIFT_VERSION = 5.0;
				TARGETED_DEVICE_FAMILY = "1,2";
				TEST_TARGET_NAME = HomeTask2;
			};
			name = Release;
		};
/* End XCBuildConfiguration section */

/* Begin XCConfigurationList section */
		EA1BC1B62AE082D30078F701 /* Build configuration list for PBXProject "HomeTask2" */ = {
			isa = XCConfigurationList;
			buildConfigurations = (
				EA1BC1E32AE082D40078F701 /* Debug */,
				EA1BC1E42AE082D40078F701 /* Release */,
			);
			defaultConfigurationIsVisible = 0;
			defaultConfigurationName = Release;
		};
		EA1BC1E52AE082D40078F701 /* Build configuration list for PBXNativeTarget "HomeTask2" */ = {
			isa = XCConfigurationList;
			buildConfigurations = (
				EA1BC1E62AE082D40078F701 /* Debug */,
				EA1BC1E72AE082D40078F701 /* Release */,
			);
			defaultConfigurationIsVisible = 0;
			defaultConfigurationName = Release;
		};
		EA1BC1E82AE082D40078F701 /* Build configuration list for PBXNativeTarget "HomeTask2Tests" */ = {
			isa = XCConfigurationList;
			buildConfigurations = (
				EA1BC1E92AE082D40078F701 /* Debug */,
				EA1BC1EA2AE082D40078F701 /* Release */,
			);
			defaultConfigurationIsVisible = 0;
			defaultConfigurationName = Release;
		};
		EA1BC1EB2AE082D40078F701 /* Build configuration list for PBXNativeTarget "HomeTask2UITests" */ = {
			isa = XCConfigurationList;
			buildConfigurations = (
				EA1BC1EC2AE082D40078F701 /* Debug */,
				EA1BC1ED2AE082D40078F701 /* Release */,
			);
			defaultConfigurationIsVisible = 0;
			defaultConfigurationName = Release;
		};
/* End XCConfigurationList section */
	};
	rootObject = EA1BC1B32AE082D30078F701 /* Project object */;
}
